
Microsoft Visual Studio Solution File, Format Version 12.00
# Visual Studio Version 17
VisualStudioVersion = 17.1.32228.430
MinimumVisualStudioVersion = 10.0.40219.1
Project("{FAE04EC0-301F-11D3-BF4B-00C04F79EFBC}") = "MiCalculadora", "MiCalculadora.csproj", "{7C7FDE34-718C-4C98-A643-BA77463D5C4A}"
EndProject
Project("{FAE04EC0-301F-11D3-BF4B-00C04F79EFBC}") = "Entidades", "..\Entidades\Entidades.csproj", "{7930A219-DB07-4B14-97DE-6287AE3639FE}"
EndProject
Global
	GlobalSection(SolutionConfigurationPlatforms) = preSolution
		Debug|Any CPU = Debug|Any CPU
		Release|Any CPU = Release|Any CPU
	EndGlobalSection
	GlobalSection(ProjectConfigurationPlatforms) = postSolution
		{7C7FDE34-718C-4C98-A643-BA77463D5C4A}.Debug|Any CPU.ActiveCfg = Debug|Any CPU
		{7C7FDE34-718C-4C98-A643-BA77463D5C4A}.Debug|Any CPU.Build.0 = Debug|Any CPU
		{7C7FDE34-718C-4C98-A643-BA77463D5C4A}.Release|Any CPU.ActiveCfg = Release|Any CPU
		{7C7FDE34-718C-4C98-A643-BA77463D5C4A}.Release|Any CPU.Build.0 = Release|Any CPU
		{7930A219-DB07-4B14-97DE-6287AE3639FE}.Debug|Any CPU.ActiveCfg = Debug|Any CPU
		{7930A219-DB07-4B14-97DE-6287AE3639FE}.Debug|Any CPU.Build.0 = Debug|Any CPU
		{7930A219-DB07-4B14-97DE-6287AE3639FE}.Release|Any CPU.ActiveCfg = Release|Any CPU
		{7930A219-DB07-4B14-97DE-6287AE3639FE}.Release|Any CPU.Build.0 = Release|Any CPU
	EndGlobalSection
	GlobalSection(SolutionProperties) = preSolution
		HideSolutionNode = FALSE
	EndGlobalSection
	GlobalSection(ExtensibilityGlobals) = postSolution
		SolutionGuid = {692D2210-2F97-4CE3-A28E-3E3F57B80188}
	EndGlobalSection
EndGlobal
